<?xml version="1.0" encoding="utf-8"?>
<Project ToolsVersion="4.0" xmlns="http://schemas.microsoft.com/developer/msbuild/2003">
  <ItemGroup>
    <Filter Include="Source Files">
      <UniqueIdentifier>{4FC737F1-C7A5-4376-A066-2A32D752A2FF}</UniqueIdentifier>
      <Extensions>cpp;c;cc;cxx;c++;cppm;ixx;def;odl;idl;hpj;bat;asm;asmx</Extensions>
    </Filter>
    <Filter Include="Header Files">
      <UniqueIdentifier>{93995380-89BD-4b04-88EB-625FBE52EBFB}</UniqueIdentifier>
      <Extensions>h;hh;hpp;hxx;h++;hm;inl;inc;ipp;xsd</Extensions>
    </Filter>
    <Filter Include="Resource Files">
      <UniqueIdentifier>{67DA6AB6-F800-4c08-8B7A-83BB121AAD01}</UniqueIdentifier>
      <Extensions>rc;ico;cur;bmp;dlg;rc2;rct;bin;rgs;gif;jpg;jpeg;jpe;resx;tiff;tif;png;wav;mfcribbon-ms</Extensions>
    </Filter>
  </ItemGroup>
  <ItemGroup>
    <ClInclude Include="BDOR.hpp">
      <Filter>Header Files</Filter>
    </ClInclude>
    <ClInclude Include="Categorie.hpp">
      <Filter>Header Files</Filter>
    </ClInclude>
    <ClInclude Include="Devise.hpp">
      <Filter>Header Files</Filter>
    </ClInclude>
    <ClInclude Include="Excursion.hpp">
      <Filter>Header Files</Filter>
    </ClInclude>
    <ClInclude Include="Hebergement.hpp">
      <Filter>Header Files</Filter>
    </ClInclude>
    <ClInclude Include="Offre.hpp">
      <Filter>Header Files</Filter>
    </ClInclude>
    <ClInclude Include="Vol.hpp">
      <Filter>Header Files</Filter>
    </ClInclude>
    <ClInclude Include="BDP.hpp">
      <Filter>Header Files</Filter>
    </ClInclude>
    <ClInclude Include="Reservation.hpp">
      <Filter>Header Files</Filter>
    </ClInclude>
    <ClInclude Include="OffreProxy.hpp">
      <Filter>Header Files</Filter>
    </ClInclude>
    <ClInclude Include="ReservationElementaire.hpp">
      <Filter>Header Files</Filter>
    </ClInclude>
    <ClInclude Include="ReservationComposite.hpp">
      <Filter>Header Files</Filter>
    </ClInclude>
  </ItemGroup>
  <ItemGroup>
    <ClCompile Include="BDOR.cpp">
      <Filter>Source Files</Filter>
    </ClCompile>
    <ClCompile Include="main.cpp">
      <Filter>Source Files</Filter>
    </ClCompile>
    <ClCompile Include="Categorie.cpp">
      <Filter>Source Files</Filter>
    </ClCompile>
    <ClCompile Include="Devise.cpp">
      <Filter>Source Files</Filter>
    </ClCompile>
    <ClCompile Include="Excursion.cpp">
      <Filter>Source Files</Filter>
    </ClCompile>
    <ClCompile Include="Hebergement.cpp">
      <Filter>Source Files</Filter>
    </ClCompile>
    <ClCompile Include="Offre.cpp">
      <Filter>Source Files</Filter>
    </ClCompile>
    <ClCompile Include="Vol.cpp">
      <Filter>Source Files</Filter>
    </ClCompile>
    <ClCompile Include="BDP.cpp">
      <Filter>Source Files</Filter>
    </ClCompile>
    <ClCompile Include="Reservation.cpp">
      <Filter>Source Files</Filter>
    </ClCompile>
    <ClCompile Include="OffreProxy.cpp">
      <Filter>Source Files</Filter>
    </ClCompile>
    <ClCompile Include="ReservationElementaire.cpp">
      <Filter>Source Files</Filter>
    </ClCompile>
    <ClCompile Include="ReservationComposite.cpp">
      <Filter>Source Files</Filter>
    </ClCompile>
  </ItemGroup>
  <ItemGroup>
    <None Include="MV_offres_de_reservation_Excursions.csv">
      <Filter>Resource Files</Filter>
    </None>
    <None Include="MV_offres_de_reservation_Hebergement.csv">
      <Filter>Resource Files</Filter>
    </None>
    <None Include="MV_offres_de_reservation_Vols.csv">
      <Filter>Resource Files</Filter>
    </None>
  </ItemGroup>
</Project>